
Microsoft Visual Studio Solution File, Format Version 12.00
# Visual Studio 15
VisualStudioVersion = 15.0.34112.143
MinimumVisualStudioVersion = 10.0.40219.1
Project("{8BC9CEB8-8B4A-11D0-8D11-00A0C91BC942}") = "ex2", "ex2\ex2.vcxproj", "{86FEC216-5B49-4B5E-BFF7-24B0B5B5BEBA}"
EndProject
Global
	GlobalSection(SolutionConfigurationPlatforms) = preSolution
		Debug|x64 = Debug|x64
		Debug|x86 = Debug|x86
		Release|x64 = Release|x64
		Release|x86 = Release|x86
	EndGlobalSection
	GlobalSection(ProjectConfigurationPlatforms) = postSolution
		{86FEC216-5B49-4B5E-BFF7-24B0B5B5BEBA}.Debug|x64.ActiveCfg = Debug|x64
		{86FEC216-5B49-4B5E-BFF7-24B0B5B5BEBA}.Debug|x64.Build.0 = Debug|x64
		{86FEC216-5B49-4B5E-BFF7-24B0B5B5BEBA}.Debug|x86.ActiveCfg = Debug|Win32
		{86FEC216-5B49-4B5E-BFF7-24B0B5B5BEBA}.Debug|x86.Build.0 = Debug|Win32
		{86FEC216-5B49-4B5E-BFF7-24B0B5B5BEBA}.Release|x64.ActiveCfg = Release|x64
		{86FEC216-5B49-4B5E-BFF7-24B0B5B5BEBA}.Release|x64.Build.0 = Release|x64
		{86FEC216-5B49-4B5E-BFF7-24B0B5B5BEBA}.Release|x86.ActiveCfg = Release|Win32
		{86FEC216-5B49-4B5E-BFF7-24B0B5B5BEBA}.Release|x86.Build.0 = Release|Win32
	EndGlobalSection
	GlobalSection(SolutionProperties) = preSolution
		HideSolutionNode = FALSE
	EndGlobalSection
	GlobalSection(ExtensibilityGlobals) = postSolution
		SolutionGuid = {348C6F7A-EB5B-420A-A0E2-F4FBE7173C87}
	EndGlobalSection
EndGlobal
